
Microsoft Visual Studio Solution File, Format Version 12.00
# Visual Studio Version 17
VisualStudioVersion = 17.12.35514.174
MinimumVisualStudioVersion = 10.0.40219.1
Project("{FAE04EC0-301F-11D3-BF4B-00C04F79EFBC}") = "OnlineStore.Application", "src\OnlineStore.Application\OnlineStore.Application.csproj", "{C51E0BF7-EE3E-4AA6-9FD2-416B8DC086BC}"
EndProject
Project("{FAE04EC0-301F-11D3-BF4B-00C04F79EFBC}") = "OnlineStore.Domain", "src\OnlineStore.Domain\OnlineStore.Domain.csproj", "{D74199BA-53C4-4C5B-8F67-CE9B9E969B32}"
EndProject
Project("{FAE04EC0-301F-11D3-BF4B-00C04F79EFBC}") = "OnlineStore.Infrastructure", "src\OnlineStore.Infrastructure\OnlineStore.Infrastructure.csproj", "{77EBCA45-33BE-4F06-A7A7-FFC5546A6D27}"
EndProject
Project("{FAE04EC0-301F-11D3-BF4B-00C04F79EFBC}") = "OnlineStore.Api", "src\OnlineStore.Api\OnlineStore.Api.csproj", "{7FDD9389-ED3A-4127-8B1F-634FAC9D408B}"
EndProject
Global
	GlobalSection(SolutionConfigurationPlatforms) = preSolution
		Debug|Any CPU = Debug|Any CPU
		Release|Any CPU = Release|Any CPU
	EndGlobalSection
	GlobalSection(ProjectConfigurationPlatforms) = postSolution
		{C51E0BF7-EE3E-4AA6-9FD2-416B8DC086BC}.Debug|Any CPU.ActiveCfg = Debug|Any CPU
		{C51E0BF7-EE3E-4AA6-9FD2-416B8DC086BC}.Debug|Any CPU.Build.0 = Debug|Any CPU
		{C51E0BF7-EE3E-4AA6-9FD2-416B8DC086BC}.Release|Any CPU.ActiveCfg = Release|Any CPU
		{C51E0BF7-EE3E-4AA6-9FD2-416B8DC086BC}.Release|Any CPU.Build.0 = Release|Any CPU
		{D74199BA-53C4-4C5B-8F67-CE9B9E969B32}.Debug|Any CPU.ActiveCfg = Debug|Any CPU
		{D74199BA-53C4-4C5B-8F67-CE9B9E969B32}.Debug|Any CPU.Build.0 = Debug|Any CPU
		{D74199BA-53C4-4C5B-8F67-CE9B9E969B32}.Release|Any CPU.ActiveCfg = Release|Any CPU
		{D74199BA-53C4-4C5B-8F67-CE9B9E969B32}.Release|Any CPU.Build.0 = Release|Any CPU
		{77EBCA45-33BE-4F06-A7A7-FFC5546A6D27}.Debug|Any CPU.ActiveCfg = Debug|Any CPU
		{77EBCA45-33BE-4F06-A7A7-FFC5546A6D27}.Debug|Any CPU.Build.0 = Debug|Any CPU
		{77EBCA45-33BE-4F06-A7A7-FFC5546A6D27}.Release|Any CPU.ActiveCfg = Release|Any CPU
		{77EBCA45-33BE-4F06-A7A7-FFC5546A6D27}.Release|Any CPU.Build.0 = Release|Any CPU
		{7FDD9389-ED3A-4127-8B1F-634FAC9D408B}.Debug|Any CPU.ActiveCfg = Debug|Any CPU
		{7FDD9389-ED3A-4127-8B1F-634FAC9D408B}.Debug|Any CPU.Build.0 = Debug|Any CPU
		{7FDD9389-ED3A-4127-8B1F-634FAC9D408B}.Release|Any CPU.ActiveCfg = Release|Any CPU
		{7FDD9389-ED3A-4127-8B1F-634FAC9D408B}.Release|Any CPU.Build.0 = Release|Any CPU
	EndGlobalSection
	GlobalSection(SolutionProperties) = preSolution
		HideSolutionNode = FALSE
	EndGlobalSection
EndGlobal
